
Microsoft Visual Studio Solution File, Format Version 12.00
# Visual Studio Version 17
VisualStudioVersion = 17.7.34024.191
MinimumVisualStudioVersion = 10.0.40219.1
Project("{FAE04EC0-301F-11D3-BF4B-00C04F79EFBC}") = "project0", "project0\project0.csproj", "{01590112-6DF4-4F3C-A6A9-967F4AF01030}"
EndProject
Global
	GlobalSection(SolutionConfigurationPlatforms) = preSolution
		Debug|Any CPU = Debug|Any CPU
		Release|Any CPU = Release|Any CPU
	EndGlobalSection
	GlobalSection(ProjectConfigurationPlatforms) = postSolution
		{01590112-6DF4-4F3C-A6A9-967F4AF01030}.Debug|Any CPU.ActiveCfg = Debug|Any CPU
		{01590112-6DF4-4F3C-A6A9-967F4AF01030}.Debug|Any CPU.Build.0 = Debug|Any CPU
		{01590112-6DF4-4F3C-A6A9-967F4AF01030}.Release|Any CPU.ActiveCfg = Release|Any CPU
		{01590112-6DF4-4F3C-A6A9-967F4AF01030}.Release|Any CPU.Build.0 = Release|Any CPU
	EndGlobalSection
	GlobalSection(SolutionProperties) = preSolution
		HideSolutionNode = FALSE
	EndGlobalSection
	GlobalSection(ExtensibilityGlobals) = postSolution
		SolutionGuid = {C5424F1F-BD0D-476F-A92A-24802D00A5A1}
	EndGlobalSection
EndGlobal
